{
  "version": 4,
  "terraform_version": "1.15.6",
  "serial": 11,
  "lineage": "61b2377d-a4fa-e82e-a03f-595b4ae2395e",
  "outputs": {
    "public_ip_address": {
      "value": "20.63.40.255",
      "type": "string"
    },
    "resource_group_name": {
      "value": "rodr0304-A05-RG",
      "type": "string"
    }
  },
  "resources": [
    {
      "mode": "data",
      "type": "cloudinit_config",
      "name": "main",
      "provider": "provider[\"registry.terraform.io/hashicorp/cloudinit\"]",
      "instances": [
        {
          "schema_version": 0,
          "attributes": {
            "base64_encode": true,
            "boundary": "MIMEBOUNDARY",
            "gzip": false,
            "id": "3878629389",
            "part": [
              {
                "content": "#!/bin/bash\nsudo apt-get update\nsudo apt-get install -y apache2",
                "content_type": "text/x-shellscript",
                "filename": "init.sh",
                "merge_type": null
              }
            ],
            "rendered": "Q29udGVudC1UeXBlOiBtdWx0aXBhcnQvbWl4ZWQ7IGJvdW5kYXJ5PSJNSU1FQk9VTkRBUlkiCk1JTUUtVmVyc2lvbjogMS4wDQoNCi0tTUlNRUJPVU5EQVJZDQpDb250ZW50LURpc3Bvc2l0aW9uOiBhdHRhY2htZW50OyBmaWxlbmFtZT0iaW5pdC5zaCINCkNvbnRlbnQtVHJhbnNmZXItRW5jb2Rpbmc6IDdiaXQNCkNvbnRlbnQtVHlwZTogdGV4dC94LXNoZWxsc2NyaXB0DQpNaW1lLVZlcnNpb246IDEuMA0KDQojIS9iaW4vYmFzaApzdWRvIGFwdC1nZXQgdXBkYXRlCnN1ZG8gYXB0LWdldCBpbnN0YWxsIC15IGFwYWNoZTINCi0tTUlNRUJPVU5EQVJZLS0NCg=="
          },
          "sensitive_attributes": [],
          "identity_schema_version": 0
        }
      ]
    },
    {
      "mode": "managed",
      "type": "azurerm_linux_virtual_machine",
      "name": "main",
      "provider": "provider[\"registry.terraform.io/hashicorp/azurerm\"]",
      "instances": [
        {
          "schema_version": 0,
          "attributes": {
            "additional_capabilities": [],
            "admin_password": null,
            "admin_ssh_key": [
              {
                "public_key": "ssh-rsa AAAAB3NzaC1yc2EAAAADAQABAAACAQDDVPi2Y/+k0b+5FGxIN4oBBgBGgn+AbmyDp9Oqu51A4vxZi0XJ4JaKO1Q6wz+7ij1bHf4CuxuCtXcbMLGCTeTxOrvFudiCDebg+ga3gZzQ1c56LMm54XxZ5qAIOOXP0CGiFZLRtNx6wKcoiDwMRzKiOl1JDCC54knIVvVbkbO42CEfbdnat8KYO+r0RKhGbYxqQKucXglx8Kf9NGkTceTfOXdytEuU8VfGMVr7Pmc+6tBnrT6Fs4TlKSnBjdizvP+tQVFCwlo4TtI8BEZOJ6naVPlIFF3iBoSPwZ2wdj66IWP/zsrkQTGZQCvTScSWGJ4ic4Kra7dUQ5QGlWiPO/Mw1etrJ2PeRutOSWbvrP/wXisyoQd2upWO76ZF7XjtOLI+VBSY61VV0c29ZUJUuDpGfpCN5VgxdpSjP9AA80QPC2xNJipigfJuQuzFHsej7y4zvaiI80RQJYMngGbUMpBLs0S8Hyc8ebOIWMA1mpytjgCoPnhVCEwfuMg27e6Mjmjm+DRlH27UW576oTQIHZpOfF/HBrTOrnN1bolVIgqy+aiR5NVWL/Y/RXfwGzyqUudTcz2Jd1JACGcVFhx0IUTnlv3QJ7hfTDFLryNVYs+MvRau1xqYl/Co6BozIM+ZiyeHpY3IZbJ/Di/fuNJX9mwMCtQGLuyU4J9x64wukAt+OQ== rodr0304@algonquinlive.com\n",
                "username": "azureadmin"
              }
            ],
            "admin_username": "azureadmin",
            "allow_extension_operations": true,
            "availability_set_id": "",
            "boot_diagnostics": [],
            "computer_name": "rodr0304-vm",
            "custom_data": "Q29udGVudC1UeXBlOiBtdWx0aXBhcnQvbWl4ZWQ7IGJvdW5kYXJ5PSJNSU1FQk9VTkRBUlkiCk1JTUUtVmVyc2lvbjogMS4wDQoNCi0tTUlNRUJPVU5EQVJZDQpDb250ZW50LURpc3Bvc2l0aW9uOiBhdHRhY2htZW50OyBmaWxlbmFtZT0iaW5pdC5zaCINCkNvbnRlbnQtVHJhbnNmZXItRW5jb2Rpbmc6IDdiaXQNCkNvbnRlbnQtVHlwZTogdGV4dC94LXNoZWxsc2NyaXB0DQpNaW1lLVZlcnNpb246IDEuMA0KDQojIS9iaW4vYmFzaApzdWRvIGFwdC1nZXQgdXBkYXRlCnN1ZG8gYXB0LWdldCBpbnN0YWxsIC15IGFwYWNoZTINCi0tTUlNRUJPVU5EQVJZLS0NCg==",
            "dedicated_host_group_id": "",
            "dedicated_host_id": "",
            "disable_password_authentication": true,
            "edge_zone": "",
            "encryption_at_host_enabled": false,
            "eviction_policy": "",
            "extensions_time_budget": "PT1H30M",
            "id": "/subscriptions/7c0d13e5-0d38-4a95-8775-910f0da1c263/resourceGroups/rodr0304-A05-RG/providers/Microsoft.Compute/virtualMachines/rodr0304-vm",
            "identity": [],
            "license_type": "",
            "location": "canadacentral",
            "max_bid_price": -1,
            "name": "rodr0304-vm",
            "network_interface_ids": [
              "/subscriptions/7c0d13e5-0d38-4a95-8775-910f0da1c263/resourceGroups/rodr0304-A05-RG/providers/Microsoft.Network/networkInterfaces/rodr0304-nic"
            ],
            "os_disk": [
              {
                "caching": "ReadWrite",
                "diff_disk_settings": [],
                "disk_encryption_set_id": "",
                "disk_size_gb": 30,
                "name": "rodr0304-vm_OsDisk_1_b8f2cfc2eadd4460b66f14dd8cf0e9e8",
                "storage_account_type": "Standard_LRS",
                "write_accelerator_enabled": false
              }
            ],
            "patch_mode": "ImageDefault",
            "plan": [],
            "platform_fault_domain": -1,
            "priority": "Regular",
            "private_ip_address": "10.0.1.4",
            "private_ip_addresses": [
              "10.0.1.4"
            ],
            "provision_vm_agent": true,
            "proximity_placement_group_id": "",
            "public_ip_address": "20.63.40.255",
            "public_ip_addresses": [
              "20.63.40.255"
            ],
            "resource_group_name": "rodr0304-A05-RG",
            "secret": [],
            "secure_boot_enabled": false,
            "size": "Standard_B2s",
            "source_image_id": "",
            "source_image_reference": [
              {
                "offer": "0001-com-ubuntu-server-jammy",
                "publisher": "Canonical",
                "sku": "22_04-lts",
                "version": "latest"
              }
            ],
            "tags": null,
            "termination_notification": null,
            "timeouts": null,
            "user_data": "",
            "virtual_machine_id": "0586b8c3-2b95-4e9e-ae0f-835d220ca300",
            "virtual_machine_scale_set_id": "",
            "vtpm_enabled": false,
            "zone": ""
          },
          "sensitive_attributes": [
            [
              {
                "type": "get_attr",
                "value": "admin_password"
              }
            ],
            [
              {
                "type": "get_attr",
                "value": "custom_data"
              }
            ]
          ],
          "identity_schema_version": 0,
          "private": "eyJlMmJmYjczMC1lY2FhLTExZTYtOGY4OC0zNDM2M2JjN2M0YzAiOnsiY3JlYXRlIjoyNzAwMDAwMDAwMDAwLCJkZWxldGUiOjI3MDAwMDAwMDAwMDAsInJlYWQiOjMwMDAwMDAwMDAwMCwidXBkYXRlIjoyNzAwMDAwMDAwMDAwfX0=",
          "dependencies": [
            "azurerm_network_interface.main",
            "azurerm_public_ip.main",
            "azurerm_resource_group.main",
            "azurerm_subnet.main",
            "azurerm_virtual_network.main",
            "data.cloudinit_config.main"
          ]
        }
      ]
    },
    {
      "mode": "managed",
      "type": "azurerm_network_interface",
      "name": "main",
      "provider": "provider[\"registry.terraform.io/hashicorp/azurerm\"]",
      "instances": [
        {
          "schema_version": 0,
          "attributes": {
            "applied_dns_servers": [],
            "dns_servers": [],
            "edge_zone": "",
            "enable_accelerated_networking": false,
            "enable_ip_forwarding": false,
            "id": "/subscriptions/7c0d13e5-0d38-4a95-8775-910f0da1c263/resourceGroups/rodr0304-A05-RG/providers/Microsoft.Network/networkInterfaces/rodr0304-nic",
            "internal_dns_name_label": "",
            "internal_domain_name_suffix": "nui5qvndedxuzcssem2n0t0mac.ux.internal.cloudapp.net",
            "ip_configuration": [
              {
                "gateway_load_balancer_frontend_ip_configuration_id": "",
                "name": "internal",
                "primary": true,
                "private_ip_address": "10.0.1.4",
                "private_ip_address_allocation": "Dynamic",
                "private_ip_address_version": "IPv4",
                "public_ip_address_id": "/subscriptions/7c0d13e5-0d38-4a95-8775-910f0da1c263/resourceGroups/rodr0304-A05-RG/providers/Microsoft.Network/publicIPAddresses/rodr0304-public-ip",
                "subnet_id": "/subscriptions/7c0d13e5-0d38-4a95-8775-910f0da1c263/resourceGroups/rodr0304-A05-RG/providers/Microsoft.Network/virtualNetworks/rodr0304-vnet/subnets/rodr0304-subnet"
              }
            ],
            "location": "canadacentral",
            "mac_address": "",
            "name": "rodr0304-nic",
            "private_ip_address": "10.0.1.4",
            "private_ip_addresses": [
              "10.0.1.4"
            ],
            "resource_group_name": "rodr0304-A05-RG",
            "tags": {},
            "timeouts": null,
            "virtual_machine_id": ""
          },
          "sensitive_attributes": [],
          "identity_schema_version": 0,
          "private": "eyJlMmJmYjczMC1lY2FhLTExZTYtOGY4OC0zNDM2M2JjN2M0YzAiOnsiY3JlYXRlIjoxODAwMDAwMDAwMDAwLCJkZWxldGUiOjE4MDAwMDAwMDAwMDAsInJlYWQiOjMwMDAwMDAwMDAwMCwidXBkYXRlIjoxODAwMDAwMDAwMDAwfX0=",
          "dependencies": [
            "azurerm_public_ip.main",
            "azurerm_resource_group.main",
            "azurerm_subnet.main",
            "azurerm_virtual_network.main"
          ]
        }
      ]
    },
    {
      "mode": "managed",
      "type": "azurerm_network_interface_security_group_association",
      "name": "main",
      "provider": "provider[\"registry.terraform.io/hashicorp/azurerm\"]",
      "instances": [
        {
          "schema_version": 0,
          "attributes": {
            "id": "/subscriptions/7c0d13e5-0d38-4a95-8775-910f0da1c263/resourceGroups/rodr0304-A05-RG/providers/Microsoft.Network/networkInterfaces/rodr0304-nic|/subscriptions/7c0d13e5-0d38-4a95-8775-910f0da1c263/resourceGroups/rodr0304-A05-RG/providers/Microsoft.Network/networkSecurityGroups/rodr0304-nsg",
            "network_interface_id": "/subscriptions/7c0d13e5-0d38-4a95-8775-910f0da1c263/resourceGroups/rodr0304-A05-RG/providers/Microsoft.Network/networkInterfaces/rodr0304-nic",
            "network_security_group_id": "/subscriptions/7c0d13e5-0d38-4a95-8775-910f0da1c263/resourceGroups/rodr0304-A05-RG/providers/Microsoft.Network/networkSecurityGroups/rodr0304-nsg",
            "timeouts": null
          },
          "sensitive_attributes": [],
          "identity_schema_version": 0,
          "private": "eyJlMmJmYjczMC1lY2FhLTExZTYtOGY4OC0zNDM2M2JjN2M0YzAiOnsiY3JlYXRlIjoxODAwMDAwMDAwMDAwLCJkZWxldGUiOjE4MDAwMDAwMDAwMDAsInJlYWQiOjMwMDAwMDAwMDAwMCwidXBkYXRlIjoxODAwMDAwMDAwMDAwfX0=",
          "dependencies": [
            "azurerm_network_interface.main",
            "azurerm_network_security_group.main",
            "azurerm_public_ip.main",
            "azurerm_resource_group.main",
            "azurerm_subnet.main",
            "azurerm_virtual_network.main"
          ]
        }
      ]
    },
    {
      "mode": "managed",
      "type": "azurerm_network_security_group",
      "name": "main",
      "provider": "provider[\"registry.terraform.io/hashicorp/azurerm\"]",
      "instances": [
        {
          "schema_version": 0,
          "attributes": {
            "id": "/subscriptions/7c0d13e5-0d38-4a95-8775-910f0da1c263/resourceGroups/rodr0304-A05-RG/providers/Microsoft.Network/networkSecurityGroups/rodr0304-nsg",
            "location": "canadacentral",
            "name": "rodr0304-nsg",
            "resource_group_name": "rodr0304-A05-RG",
            "security_rule": [
              {
                "access": "Allow",
                "description": "",
                "destination_address_prefix": "*",
                "destination_address_prefixes": [],
                "destination_application_security_group_ids": [],
                "destination_port_range": "22",
                "destination_port_ranges": [],
                "direction": "Inbound",
                "name": "AllowSSH",
                "priority": 100,
                "protocol": "Tcp",
                "source_address_prefix": "*",
                "source_address_prefixes": [],
                "source_application_security_group_ids": [],
                "source_port_range": "*",
                "source_port_ranges": []
              },
              {
                "access": "Allow",
                "description": "",
                "destination_address_prefix": "*",
                "destination_address_prefixes": [],
                "destination_application_security_group_ids": [],
                "destination_port_range": "80",
                "destination_port_ranges": [],
                "direction": "Inbound",
                "name": "AllowHTTP",
                "priority": 110,
                "protocol": "Tcp",
                "source_address_prefix": "*",
                "source_address_prefixes": [],
                "source_application_security_group_ids": [],
                "source_port_range": "*",
                "source_port_ranges": []
              }
            ],
            "tags": {},
            "timeouts": null
          },
          "sensitive_attributes": [],
          "identity_schema_version": 0,
          "private": "eyJlMmJmYjczMC1lY2FhLTExZTYtOGY4OC0zNDM2M2JjN2M0YzAiOnsiY3JlYXRlIjoxODAwMDAwMDAwMDAwLCJkZWxldGUiOjE4MDAwMDAwMDAwMDAsInJlYWQiOjMwMDAwMDAwMDAwMCwidXBkYXRlIjoxODAwMDAwMDAwMDAwfX0=",
          "dependencies": [
            "azurerm_resource_group.main"
          ]
        }
      ]
    },
    {
      "mode": "managed",
      "type": "azurerm_public_ip",
      "name": "main",
      "provider": "provider[\"registry.terraform.io/hashicorp/azurerm\"]",
      "instances": [
        {
          "schema_version": 0,
          "attributes": {
            "allocation_method": "Static",
            "domain_name_label": null,
            "edge_zone": "",
            "fqdn": null,
            "id": "/subscriptions/7c0d13e5-0d38-4a95-8775-910f0da1c263/resourceGroups/rodr0304-A05-RG/providers/Microsoft.Network/publicIPAddresses/rodr0304-public-ip",
            "idle_timeout_in_minutes": 4,
            "ip_address": "20.63.40.255",
            "ip_tags": {},
            "ip_version": "IPv4",
            "location": "canadacentral",
            "name": "rodr0304-public-ip",
            "public_ip_prefix_id": null,
            "resource_group_name": "rodr0304-A05-RG",
            "reverse_fqdn": null,
            "sku": "Basic",
            "sku_tier": "Regional",
            "tags": {},
            "timeouts": null,
            "zones": []
          },
          "sensitive_attributes": [],
          "identity_schema_version": 0,
          "private": "eyJlMmJmYjczMC1lY2FhLTExZTYtOGY4OC0zNDM2M2JjN2M0YzAiOnsiY3JlYXRlIjoxODAwMDAwMDAwMDAwLCJkZWxldGUiOjE4MDAwMDAwMDAwMDAsInJlYWQiOjMwMDAwMDAwMDAwMCwidXBkYXRlIjoxODAwMDAwMDAwMDAwfX0=",
          "dependencies": [
            "azurerm_resource_group.main"
          ]
        }
      ]
    },
    {
      "mode": "managed",
      "type": "azurerm_resource_group",
      "name": "main",
      "provider": "provider[\"registry.terraform.io/hashicorp/azurerm\"]",
      "instances": [
        {
          "schema_version": 0,
          "attributes": {
            "id": "/subscriptions/7c0d13e5-0d38-4a95-8775-910f0da1c263/resourceGroups/rodr0304-A05-RG",
            "location": "canadacentral",
            "name": "rodr0304-A05-RG",
            "tags": {},
            "timeouts": null
          },
          "sensitive_attributes": [],
          "identity_schema_version": 0,
          "private": "eyJlMmJmYjczMC1lY2FhLTExZTYtOGY4OC0zNDM2M2JjN2M0YzAiOnsiY3JlYXRlIjo1NDAwMDAwMDAwMDAwLCJkZWxldGUiOjU0MDAwMDAwMDAwMDAsInJlYWQiOjMwMDAwMDAwMDAwMCwidXBkYXRlIjo1NDAwMDAwMDAwMDAwfX0="
        }
      ]
    },
    {
      "mode": "managed",
      "type": "azurerm_subnet",
      "name": "main",
      "provider": "provider[\"registry.terraform.io/hashicorp/azurerm\"]",
      "instances": [
        {
          "schema_version": 0,
          "attributes": {
            "address_prefixes": [
              "10.0.1.0/24"
            ],
            "delegation": [],
            "enforce_private_link_endpoint_network_policies": false,
            "enforce_private_link_service_network_policies": false,
            "id": "/subscriptions/7c0d13e5-0d38-4a95-8775-910f0da1c263/resourceGroups/rodr0304-A05-RG/providers/Microsoft.Network/virtualNetworks/rodr0304-vnet/subnets/rodr0304-subnet",
            "name": "rodr0304-subnet",
            "resource_group_name": "rodr0304-A05-RG",
            "service_endpoint_policy_ids": [],
            "service_endpoints": [],
            "timeouts": null,
            "virtual_network_name": "rodr0304-vnet"
          },
          "sensitive_attributes": [],
          "identity_schema_version": 0,
          "private": "eyJlMmJmYjczMC1lY2FhLTExZTYtOGY4OC0zNDM2M2JjN2M0YzAiOnsiY3JlYXRlIjoxODAwMDAwMDAwMDAwLCJkZWxldGUiOjE4MDAwMDAwMDAwMDAsInJlYWQiOjMwMDAwMDAwMDAwMCwidXBkYXRlIjoxODAwMDAwMDAwMDAwfX0=",
          "dependencies": [
            "azurerm_resource_group.main",
            "azurerm_virtual_network.main"
          ]
        }
      ]
    },
    {
      "mode": "managed",
      "type": "azurerm_virtual_network",
      "name": "main",
      "provider": "provider[\"registry.terraform.io/hashicorp/azurerm\"]",
      "instances": [
        {
          "schema_version": 0,
          "attributes": {
            "address_space": [
              "10.0.0.0/16"
            ],
            "bgp_community": "",
            "ddos_protection_plan": [],
            "dns_servers": [],
            "edge_zone": "",
            "flow_timeout_in_minutes": 0,
            "guid": "55f8116d-20a3-4cef-8a52-2338dd4f4c02",
            "id": "/subscriptions/7c0d13e5-0d38-4a95-8775-910f0da1c263/resourceGroups/rodr0304-A05-RG/providers/Microsoft.Network/virtualNetworks/rodr0304-vnet",
            "location": "canadacentral",
            "name": "rodr0304-vnet",
            "resource_group_name": "rodr0304-A05-RG",
            "subnet": [
              {
                "address_prefix": "10.0.1.0/24",
                "id": "/subscriptions/7c0d13e5-0d38-4a95-8775-910f0da1c263/resourceGroups/rodr0304-A05-RG/providers/Microsoft.Network/virtualNetworks/rodr0304-vnet/subnets/rodr0304-subnet",
                "name": "rodr0304-subnet",
                "security_group": ""
              }
            ],
            "tags": {},
            "timeouts": null
          },
          "sensitive_attributes": [],
          "identity_schema_version": 0,
          "private": "eyJlMmJmYjczMC1lY2FhLTExZTYtOGY4OC0zNDM2M2JjN2M0YzAiOnsiY3JlYXRlIjoxODAwMDAwMDAwMDAwLCJkZWxldGUiOjE4MDAwMDAwMDAwMDAsInJlYWQiOjMwMDAwMDAwMDAwMCwidXBkYXRlIjoxODAwMDAwMDAwMDAwfX0=",
          "dependencies": [
            "azurerm_resource_group.main"
          ]
        }
      ]
    }
  ],
  "check_results": null
}
